{
  "name": "example-create-react-app-express",
  "version": "1.0.0",
  "lockfileVersion": 1,
  "requires": true,
  "dependencies": {
    "flatpickr": {
      "version": "4.5.1",
      "resolved": "https://registry.npmjs.org/flatpickr/-/flatpickr-4.5.1.tgz",
      "integrity": "sha512-dsLTFmRg6mlqYfJ35A7gLlbq+8fOqRty3cWncl6rwU4pMe//i0WKxKLVyBbSYAZry93Lg+yqsOph9haltcxCqQ=="
    },
    "js-tokens": {
      "version": "4.0.0",
      "resolved": "https://registry.npmjs.org/js-tokens/-/js-tokens-4.0.0.tgz",
      "integrity": "sha512-RdJUflcE3cUzKiMqQgsCu06FPu9UdIJO0beYbPhHN4k6apgJtifcoCtT9bcxOpYBtpD2kCM6Sbzg4CausW/PKQ=="
    },
    "loose-envify": {
      "version": "1.4.0",
      "resolved": "https://registry.npmjs.org/loose-envify/-/loose-envify-1.4.0.tgz",
      "integrity": "sha512-lyuxPGr/Wfhrlem2CL/UcnUc1zcqKAImBDzukY7Y5F/yQiNdko6+fRLevlw1HgMySw7f611UIY408EtxRSoK3Q==",
      "requires": {
        "js-tokens": "4.0.0"
      }
    },
    "object-assign": {
      "version": "4.1.1",
      "resolved": "https://registry.npmjs.org/object-assign/-/object-assign-4.1.1.tgz",
      "integrity": "sha1-IQmtx5ZYh8/AXLvUQsrIv7s2CGM="
    },
    "prop-types": {
      "version": "15.6.2",
      "resolved": "https://registry.npmjs.org/prop-types/-/prop-types-15.6.2.tgz",
      "integrity": "sha512-3pboPvLiWD7dkI3qf3KbUe6hKFKa52w+AE0VCqECtf+QHAKgOL37tTaNCnuX1nAAQ4ZhyP+kYVKf8rLmJ/feDQ==",
      "requires": {
        "loose-envify": "1.4.0",
        "object-assign": "4.1.1"
      }
    },
    "react-flatpickr": {
      "version": "3.6.4",
      "resolved": "https://registry.npmjs.org/react-flatpickr/-/react-flatpickr-3.6.4.tgz",
      "integrity": "sha512-s7nCzPvfddkDVQLlwDj8y5iCYVybUGwOQnGt2oyMe7OamteUeF8wt0TCSpeq5WFOCywne/7+7zvrPco/dTq/9Q==",
      "requires": {
        "flatpickr": "4.5.1",
        "prop-types": "15.6.2"
      }
    }
  }
}
